
Microsoft Visual Studio Solution File, Format Version 12.00
# Visual Studio Version 17
VisualStudioVersion = 17.11.35327.3
MinimumVisualStudioVersion = 10.0.40219.1
Project("{9A19103F-16F7-4668-BE54-9A1E7A4F7556}") = "BlogCore", "BlogCore\BlogCore.csproj", "{4AC1E0A5-6B2B-459F-8553-88BA65524C47}"
EndProject
Project("{9A19103F-16F7-4668-BE54-9A1E7A4F7556}") = "BlogCore.AccesoDatos", "BlogCore.AccesoDatos\BlogCore.AccesoDatos.csproj", "{1FFAB2B9-73D6-4A1A-AADC-6995A1E21CB2}"
EndProject
Project("{9A19103F-16F7-4668-BE54-9A1E7A4F7556}") = "BlogCore.Models", "BlogCore.Models\BlogCore.Models.csproj", "{2D8A2269-7BA6-4CB9-B13E-6530F6A745D6}"
EndProject
Project("{9A19103F-16F7-4668-BE54-9A1E7A4F7556}") = "BlogCore.Utilidades", "BlogCore.Utilidades\BlogCore.Utilidades.csproj", "{3459932C-AD01-4A97-96AE-FAE5E9A9AF82}"
EndProject
Global
	GlobalSection(SolutionConfigurationPlatforms) = preSolution
		Debug|Any CPU = Debug|Any CPU
		Release|Any CPU = Release|Any CPU
	EndGlobalSection
	GlobalSection(ProjectConfigurationPlatforms) = postSolution
		{4AC1E0A5-6B2B-459F-8553-88BA65524C47}.Debug|Any CPU.ActiveCfg = Debug|Any CPU
		{4AC1E0A5-6B2B-459F-8553-88BA65524C47}.Debug|Any CPU.Build.0 = Debug|Any CPU
		{4AC1E0A5-6B2B-459F-8553-88BA65524C47}.Release|Any CPU.ActiveCfg = Release|Any CPU
		{4AC1E0A5-6B2B-459F-8553-88BA65524C47}.Release|Any CPU.Build.0 = Release|Any CPU
		{1FFAB2B9-73D6-4A1A-AADC-6995A1E21CB2}.Debug|Any CPU.ActiveCfg = Debug|Any CPU
		{1FFAB2B9-73D6-4A1A-AADC-6995A1E21CB2}.Debug|Any CPU.Build.0 = Debug|Any CPU
		{1FFAB2B9-73D6-4A1A-AADC-6995A1E21CB2}.Release|Any CPU.ActiveCfg = Release|Any CPU
		{1FFAB2B9-73D6-4A1A-AADC-6995A1E21CB2}.Release|Any CPU.Build.0 = Release|Any CPU
		{2D8A2269-7BA6-4CB9-B13E-6530F6A745D6}.Debug|Any CPU.ActiveCfg = Debug|Any CPU
		{2D8A2269-7BA6-4CB9-B13E-6530F6A745D6}.Debug|Any CPU.Build.0 = Debug|Any CPU
		{2D8A2269-7BA6-4CB9-B13E-6530F6A745D6}.Release|Any CPU.ActiveCfg = Release|Any CPU
		{2D8A2269-7BA6-4CB9-B13E-6530F6A745D6}.Release|Any CPU.Build.0 = Release|Any CPU
		{3459932C-AD01-4A97-96AE-FAE5E9A9AF82}.Debug|Any CPU.ActiveCfg = Debug|Any CPU
		{3459932C-AD01-4A97-96AE-FAE5E9A9AF82}.Debug|Any CPU.Build.0 = Debug|Any CPU
		{3459932C-AD01-4A97-96AE-FAE5E9A9AF82}.Release|Any CPU.ActiveCfg = Release|Any CPU
		{3459932C-AD01-4A97-96AE-FAE5E9A9AF82}.Release|Any CPU.Build.0 = Release|Any CPU
	EndGlobalSection
	GlobalSection(SolutionProperties) = preSolution
		HideSolutionNode = FALSE
	EndGlobalSection
	GlobalSection(ExtensibilityGlobals) = postSolution
		SolutionGuid = {2D26EFBF-81C3-4E1A-A494-56B18954ADF8}
	EndGlobalSection
EndGlobal
